Microsoft Visual Studio Solution File, Format Version 12.00
# Visual Studio Version 17
VisualStudioVersion = 17.6.33815.320
MinimumVisualStudioVersion = 16.0.0.0
Project("{9A19103F-16F7-4668-BE54-9A1E7A4F7556}") = "cosmos-betinho", "cosmos-betinho\cosmos-betinho.csproj", "{7B952222-0749-4560-A167-567A74DB4770}"
EndProject
Project("{9A19103F-16F7-4668-BE54-9A1E7A4F7556}") = "Betinho.Rifa", "Betinho.Rifa\Betinho.Rifa.csproj", "{9B320932-5A29-45F5-9DED-6AB2764BCF16}"
EndProject
Global
	GlobalSection(SolutionConfigurationPlatforms) = preSolution
		Debug|Any CPU = Debug|Any CPU
		Release|Any CPU = Release|Any CPU
	EndGlobalSection
	GlobalSection(ProjectConfigurationPlatforms) = postSolution
		{7B952222-0749-4560-A167-567A74DB4770}.Debug|Any CPU.ActiveCfg = Debug|Any CPU
		{7B952222-0749-4560-A167-567A74DB4770}.Debug|Any CPU.Build.0 = Debug|Any CPU
		{7B952222-0749-4560-A167-567A74DB4770}.Release|Any CPU.ActiveCfg = Release|Any CPU
		{7B952222-0749-4560-A167-567A74DB4770}.Release|Any CPU.Build.0 = Release|Any CPU
		{9B320932-5A29-45F5-9DED-6AB2764BCF16}.Debug|Any CPU.ActiveCfg = Debug|Any CPU
		{9B320932-5A29-45F5-9DED-6AB2764BCF16}.Debug|Any CPU.Build.0 = Debug|Any CPU
		{9B320932-5A29-45F5-9DED-6AB2764BCF16}.Release|Any CPU.ActiveCfg = Release|Any CPU
		{9B320932-5A29-45F5-9DED-6AB2764BCF16}.Release|Any CPU.Build.0 = Release|Any CPU
	EndGlobalSection
	GlobalSection(SolutionProperties) = preSolution
		HideSolutionNode = FALSE
	EndGlobalSection
	GlobalSection(ExtensibilityGlobals) = postSolution
		SolutionGuid = {C5FF498F-1E91-4D6D-869E-74FE4CC4A352}
	EndGlobalSection
EndGlobal
